
Microsoft Visual Studio Solution File, Format Version 12.00
# Visual Studio Version 17
VisualStudioVersion = 17.10.35013.160
MinimumVisualStudioVersion = 10.0.40219.1
Project("{FAE04EC0-301F-11D3-BF4B-00C04F79EFBC}") = "ClockApp", "ClockApp.csproj", "{EDA3A602-EA13-4061-BD49-1C783935C20A}"
EndProject
Global
	GlobalSection(SolutionConfigurationPlatforms) = preSolution
		Debug|Any CPU = Debug|Any CPU
		Release|Any CPU = Release|Any CPU
	EndGlobalSection
	GlobalSection(ProjectConfigurationPlatforms) = postSolution
		{EDA3A602-EA13-4061-BD49-1C783935C20A}.Debug|Any CPU.ActiveCfg = Debug|Any CPU
		{EDA3A602-EA13-4061-BD49-1C783935C20A}.Debug|Any CPU.Build.0 = Debug|Any CPU
		{EDA3A602-EA13-4061-BD49-1C783935C20A}.Release|Any CPU.ActiveCfg = Release|Any CPU
		{EDA3A602-EA13-4061-BD49-1C783935C20A}.Release|Any CPU.Build.0 = Release|Any CPU
	EndGlobalSection
	GlobalSection(SolutionProperties) = preSolution
		HideSolutionNode = FALSE
	EndGlobalSection
	GlobalSection(ExtensibilityGlobals) = postSolution
		SolutionGuid = {F05E0C7C-2F76-429F-8002-509B5DEF051F}
	EndGlobalSection
EndGlobal
